
Microsoft Visual Studio Solution File, Format Version 12.00
# Visual Studio Express 2013 for Windows Desktop
VisualStudioVersion = 12.0.21005.1
MinimumVisualStudioVersion = 10.0.40219.1
Project("{FAE04EC0-301F-11D3-BF4B-00C04F79EFBC}") = "Problem 01 Declare Variables", "Problem 1. Declare Variables\Problem 01 Declare Variables.csproj", "{032FE45C-355C-46ED-9ACD-9BA741BDA3E7}"
EndProject
Project("{FAE04EC0-301F-11D3-BF4B-00C04F79EFBC}") = "Problem 02 Float or Double", "Problem 2. Float or Double\Problem 02 Float or Double.csproj", "{54B817F9-5C39-42AD-BF09-7BD50095E130}"
EndProject
Project("{FAE04EC0-301F-11D3-BF4B-00C04F79EFBC}") = "Problem 05. Boolean Variable", "Problem 5. Boolean Variable\Problem 05. Boolean Variable.csproj", "{33032D1A-4929-49E9-96F3-79B023372C4A}"
EndProject
Project("{FAE04EC0-301F-11D3-BF4B-00C04F79EFBC}") = "Problem 06 Strings and Objects", "Problem 6. Strings and Objects\Problem 06 Strings and Objects.csproj", "{EBF1BC06-44D6-4FE3-967C-1D1D1F0552F2}"
EndProject
Project("{FAE04EC0-301F-11D3-BF4B-00C04F79EFBC}") = "Problem 07 Quotes in Strings", "ConsoleApplication1\Problem 07 Quotes in Strings.csproj", "{DC37CC67-3DAB-4A6A-A231-4D68F7EF91D9}"
EndProject
Project("{FAE04EC0-301F-11D3-BF4B-00C04F79EFBC}") = "Problem 08 Isosceles Triangle", "Problem 8. Isosceles Triangle\Problem 08 Isosceles Triangle.csproj", "{438D123A-F49B-48E4-BABF-DE43EB8676B9}"
EndProject
Project("{FAE04EC0-301F-11D3-BF4B-00C04F79EFBC}") = "Problem 09Exchange Variable Values", "Problem 9. Exchange Variable Values\Problem 09Exchange Variable Values.csproj", "{040A946F-AC55-49ED-A91C-11CAD6449A32}"
EndProject
Project("{FAE04EC0-301F-11D3-BF4B-00C04F79EFBC}") = "Problem 10 Employee Data", "Problem 10. Employee Data\Problem 10 Employee Data.csproj", "{6EDBCB9B-E3CA-4503-B926-10BD907065EC}"
EndProject
Project("{FAE04EC0-301F-11D3-BF4B-00C04F79EFBC}") = "Problem 11. Bank Account Data", "Problem 11. Bank Account Data\Problem 11. Bank Account Data.csproj", "{E71E9131-B76B-4D19-8818-40DD0315418A}"
EndProject
Project("{FAE04EC0-301F-11D3-BF4B-00C04F79EFBC}") = "Problem 12. Null Values Arithmetic", "Problem 12. Null Values Arithmetic\Problem 12. Null Values Arithmetic.csproj", "{C28FA3AD-F5A6-4545-B7DD-25858F8EA918}"
EndProject
Project("{FAE04EC0-301F-11D3-BF4B-00C04F79EFBC}") = "Problem 03. Variable in Hexadecimal Format", "unicode\Problem 03. Variable in Hexadecimal Format.csproj", "{3A107FB1-5D6D-4FA9-8912-9B9E6A6E197F}"
EndProject
Project("{FAE04EC0-301F-11D3-BF4B-00C04F79EFBC}") = "Problem 04. Unicode Character", "Problem 04. Unicode Character\Problem 04. Unicode Character.csproj", "{49D447D1-C646-4E6A-BAD0-0E52B2905B69}"
EndProject
Global
	GlobalSection(SolutionConfigurationPlatforms) = preSolution
		Debug|Any CPU = Debug|Any CPU
		Release|Any CPU = Release|Any CPU
	EndGlobalSection
	GlobalSection(ProjectConfigurationPlatforms) = postSolution
		{032FE45C-355C-46ED-9ACD-9BA741BDA3E7}.Debug|Any CPU.ActiveCfg = Debug|Any CPU
		{032FE45C-355C-46ED-9ACD-9BA741BDA3E7}.Debug|Any CPU.Build.0 = Debug|Any CPU
		{032FE45C-355C-46ED-9ACD-9BA741BDA3E7}.Release|Any CPU.ActiveCfg = Release|Any CPU
		{032FE45C-355C-46ED-9ACD-9BA741BDA3E7}.Release|Any CPU.Build.0 = Release|Any CPU
		{54B817F9-5C39-42AD-BF09-7BD50095E130}.Debug|Any CPU.ActiveCfg = Debug|Any CPU
		{54B817F9-5C39-42AD-BF09-7BD50095E130}.Debug|Any CPU.Build.0 = Debug|Any CPU
		{54B817F9-5C39-42AD-BF09-7BD50095E130}.Release|Any CPU.ActiveCfg = Release|Any CPU
		{54B817F9-5C39-42AD-BF09-7BD50095E130}.Release|Any CPU.Build.0 = Release|Any CPU
		{33032D1A-4929-49E9-96F3-79B023372C4A}.Debug|Any CPU.ActiveCfg = Debug|Any CPU
		{33032D1A-4929-49E9-96F3-79B023372C4A}.Debug|Any CPU.Build.0 = Debug|Any CPU
		{33032D1A-4929-49E9-96F3-79B023372C4A}.Release|Any CPU.ActiveCfg = Release|Any CPU
		{33032D1A-4929-49E9-96F3-79B023372C4A}.Release|Any CPU.Build.0 = Release|Any CPU
		{EBF1BC06-44D6-4FE3-967C-1D1D1F0552F2}.Debug|Any CPU.ActiveCfg = Debug|Any CPU
		{EBF1BC06-44D6-4FE3-967C-1D1D1F0552F2}.Debug|Any CPU.Build.0 = Debug|Any CPU
		{EBF1BC06-44D6-4FE3-967C-1D1D1F0552F2}.Release|Any CPU.ActiveCfg = Release|Any CPU
		{EBF1BC06-44D6-4FE3-967C-1D1D1F0552F2}.Release|Any CPU.Build.0 = Release|Any CPU
		{DC37CC67-3DAB-4A6A-A231-4D68F7EF91D9}.Debug|Any CPU.ActiveCfg = Debug|Any CPU
		{DC37CC67-3DAB-4A6A-A231-4D68F7EF91D9}.Debug|Any CPU.Build.0 = Debug|Any CPU
		{DC37CC67-3DAB-4A6A-A231-4D68F7EF91D9}.Release|Any CPU.ActiveCfg = Release|Any CPU
		{DC37CC67-3DAB-4A6A-A231-4D68F7EF91D9}.Release|Any CPU.Build.0 = Release|Any CPU
		{438D123A-F49B-48E4-BABF-DE43EB8676B9}.Debug|Any CPU.ActiveCfg = Debug|Any CPU
		{438D123A-F49B-48E4-BABF-DE43EB8676B9}.Debug|Any CPU.Build.0 = Debug|Any CPU
		{438D123A-F49B-48E4-BABF-DE43EB8676B9}.Release|Any CPU.ActiveCfg = Release|Any CPU
		{438D123A-F49B-48E4-BABF-DE43EB8676B9}.Release|Any CPU.Build.0 = Release|Any CPU
		{040A946F-AC55-49ED-A91C-11CAD6449A32}.Debug|Any CPU.ActiveCfg = Debug|Any CPU
		{040A946F-AC55-49ED-A91C-11CAD6449A32}.Debug|Any CPU.Build.0 = Debug|Any CPU
		{040A946F-AC55-49ED-A91C-11CAD6449A32}.Release|Any CPU.ActiveCfg = Release|Any CPU
		{040A946F-AC55-49ED-A91C-11CAD6449A32}.Release|Any CPU.Build.0 = Release|Any CPU
		{6EDBCB9B-E3CA-4503-B926-10BD907065EC}.Debug|Any CPU.ActiveCfg = Debug|Any CPU
		{6EDBCB9B-E3CA-4503-B926-10BD907065EC}.Debug|Any CPU.Build.0 = Debug|Any CPU
		{6EDBCB9B-E3CA-4503-B926-10BD907065EC}.Release|Any CPU.ActiveCfg = Release|Any CPU
		{6EDBCB9B-E3CA-4503-B926-10BD907065EC}.Release|Any CPU.Build.0 = Release|Any CPU
		{E71E9131-B76B-4D19-8818-40DD0315418A}.Debug|Any CPU.ActiveCfg = Debug|Any CPU
		{E71E9131-B76B-4D19-8818-40DD0315418A}.Debug|Any CPU.Build.0 = Debug|Any CPU
		{E71E9131-B76B-4D19-8818-40DD0315418A}.Release|Any CPU.ActiveCfg = Release|Any CPU
		{E71E9131-B76B-4D19-8818-40DD0315418A}.Release|Any CPU.Build.0 = Release|Any CPU
		{C28FA3AD-F5A6-4545-B7DD-25858F8EA918}.Debug|Any CPU.ActiveCfg = Debug|Any CPU
		{C28FA3AD-F5A6-4545-B7DD-25858F8EA918}.Debug|Any CPU.Build.0 = Debug|Any CPU
		{C28FA3AD-F5A6-4545-B7DD-25858F8EA918}.Release|Any CPU.ActiveCfg = Release|Any CPU
		{C28FA3AD-F5A6-4545-B7DD-25858F8EA918}.Release|Any CPU.Build.0 = Release|Any CPU
		{3A107FB1-5D6D-4FA9-8912-9B9E6A6E197F}.Debug|Any CPU.ActiveCfg = Debug|Any CPU
		{3A107FB1-5D6D-4FA9-8912-9B9E6A6E197F}.Debug|Any CPU.Build.0 = Debug|Any CPU
		{3A107FB1-5D6D-4FA9-8912-9B9E6A6E197F}.Release|Any CPU.ActiveCfg = Release|Any CPU
		{3A107FB1-5D6D-4FA9-8912-9B9E6A6E197F}.Release|Any CPU.Build.0 = Release|Any CPU
		{49D447D1-C646-4E6A-BAD0-0E52B2905B69}.Debug|Any CPU.ActiveCfg = Debug|Any CPU
		{49D447D1-C646-4E6A-BAD0-0E52B2905B69}.Debug|Any CPU.Build.0 = Debug|Any CPU
		{49D447D1-C646-4E6A-BAD0-0E52B2905B69}.Release|Any CPU.ActiveCfg = Release|Any CPU
		{49D447D1-C646-4E6A-BAD0-0E52B2905B69}.Release|Any CPU.Build.0 = Release|Any CPU
	EndGlobalSection
	GlobalSection(SolutionProperties) = preSolution
		HideSolutionNode = FALSE
	EndGlobalSection
EndGlobal
